
Microsoft Visual Studio Solution File, Format Version 12.00
# Visual Studio Version 17
VisualStudioVersion = 17.5.33516.290
MinimumVisualStudioVersion = 10.0.40219.1
Project("{FAE04EC0-301F-11D3-BF4B-00C04F79EFBC}") = "Meryel.CodeAssist.Editor", "Meryel.CodeAssist.Editor.csproj", "{73A33A15-2782-51AE-2C39-B637667DBEFE}"
EndProject
Project("{FAE04EC0-301F-11D3-BF4B-00C04F79EFBC}") = "Assembly-CSharp", "Assembly-CSharp.csproj", "{C8F3C5E4-C3B8-56FD-CC12-BA0D36969D02}"
EndProject
Global
	GlobalSection(SolutionConfigurationPlatforms) = preSolution
		Debug|Any CPU = Debug|Any CPU
		Release|Any CPU = Release|Any CPU
	EndGlobalSection
	GlobalSection(ProjectConfigurationPlatforms) = postSolution
		{73A33A15-2782-51AE-2C39-B637667DBEFE}.Debug|Any CPU.ActiveCfg = Debug|Any CPU
		{73A33A15-2782-51AE-2C39-B637667DBEFE}.Debug|Any CPU.Build.0 = Debug|Any CPU
		{73A33A15-2782-51AE-2C39-B637667DBEFE}.Release|Any CPU.ActiveCfg = Release|Any CPU
		{73A33A15-2782-51AE-2C39-B637667DBEFE}.Release|Any CPU.Build.0 = Release|Any CPU
		{C8F3C5E4-C3B8-56FD-CC12-BA0D36969D02}.Debug|Any CPU.ActiveCfg = Debug|Any CPU
		{C8F3C5E4-C3B8-56FD-CC12-BA0D36969D02}.Debug|Any CPU.Build.0 = Debug|Any CPU
		{C8F3C5E4-C3B8-56FD-CC12-BA0D36969D02}.Release|Any CPU.ActiveCfg = Release|Any CPU
		{C8F3C5E4-C3B8-56FD-CC12-BA0D36969D02}.Release|Any CPU.Build.0 = Release|Any CPU
	EndGlobalSection
	GlobalSection(SolutionProperties) = preSolution
		HideSolutionNode = FALSE
	EndGlobalSection
EndGlobal
